
Microsoft Visual Studio Solution File, Format Version 12.00
# Visual Studio Version 17
VisualStudioVersion = 17.8.34316.72
MinimumVisualStudioVersion = 10.0.40219.1
Project("{9A19103F-16F7-4668-BE54-9A1E7A4F7556}") = "SymmetricCipherTask", "SymmetricCipherTask\SymmetricCipherTask.csproj", "{9C7954C7-5718-428A-A255-A093793512CA}"
EndProject
Global
	GlobalSection(SolutionConfigurationPlatforms) = preSolution
		Debug|Any CPU = Debug|Any CPU
		Release|Any CPU = Release|Any CPU
	EndGlobalSection
	GlobalSection(ProjectConfigurationPlatforms) = postSolution
		{9C7954C7-5718-428A-A255-A093793512CA}.Debug|Any CPU.ActiveCfg = Debug|Any CPU
		{9C7954C7-5718-428A-A255-A093793512CA}.Debug|Any CPU.Build.0 = Debug|Any CPU
		{9C7954C7-5718-428A-A255-A093793512CA}.Release|Any CPU.ActiveCfg = Release|Any CPU
		{9C7954C7-5718-428A-A255-A093793512CA}.Release|Any CPU.Build.0 = Release|Any CPU
	EndGlobalSection
	GlobalSection(SolutionProperties) = preSolution
		HideSolutionNode = FALSE
	EndGlobalSection
	GlobalSection(ExtensibilityGlobals) = postSolution
		SolutionGuid = {DE0070AA-3285-42D0-9DE0-1B72713D3A1D}
	EndGlobalSection
EndGlobal
